
Microsoft Visual Studio Solution File, Format Version 12.00
# Visual Studio Version 18
VisualStudioVersion = 18.5.11716.220 stable
MinimumVisualStudioVersion = 10.0.40219.1
Project("{FAE04EC0-301F-11D3-BF4B-00C04F79EFBC}") = "AIprnScrAnalizerToText", "AIprnScrAnalizerToText.csproj", "{DF5E1A7D-05BB-064F-8CFE-14AE28833BE1}"
EndProject
Global
	GlobalSection(SolutionConfigurationPlatforms) = preSolution
		Debug|Any CPU = Debug|Any CPU
		Release|Any CPU = Release|Any CPU
	EndGlobalSection
	GlobalSection(ProjectConfigurationPlatforms) = postSolution
		{DF5E1A7D-05BB-064F-8CFE-14AE28833BE1}.Debug|Any CPU.ActiveCfg = Debug|Any CPU
		{DF5E1A7D-05BB-064F-8CFE-14AE28833BE1}.Debug|Any CPU.Build.0 = Debug|Any CPU
		{DF5E1A7D-05BB-064F-8CFE-14AE28833BE1}.Release|Any CPU.ActiveCfg = Release|Any CPU
		{DF5E1A7D-05BB-064F-8CFE-14AE28833BE1}.Release|Any CPU.Build.0 = Release|Any CPU
	EndGlobalSection
	GlobalSection(SolutionProperties) = preSolution
		HideSolutionNode = FALSE
	EndGlobalSection
	GlobalSection(ExtensibilityGlobals) = postSolution
		SolutionGuid = {D21D531E-5F37-47A1-A3DE-53195E95C78A}
	EndGlobalSection
EndGlobal
